// !$*UTF8*$!
{
	archiveVersion = 1;
	classes = {
	};
	objectVersion = 46;
	objects = {

/* Begin PBXBuildFile section */
		32EA50CFF73D221668F11622 /* libPods-RHMQTTKitDemo.a in Frameworks */ = {isa = PBXBuildFile; fileRef = FE9A318ED4E03C7D18029D82 /* libPods-RHMQTTKitDemo.a */; };
		83C446501BF9FAE200065AAC /* main.m in Sources */ = {isa = PBXBuildFile; fileRef = 83C4464F1BF9FAE200065AAC /* main.m */; };
		83C446531BF9FAE200065AAC /* AppDelegate.m in Sources */ = {isa = PBXBuildFile; fileRef = 83C446521BF9FAE200065AAC /* AppDelegate.m */; };
		83C446561BF9FAE200065AAC /* ViewController.m in Sources */ = {isa = PBXBuildFile; fileRef = 83C446551BF9FAE200065AAC /* ViewController.m */; };
		83C446591BF9FAE200065AAC /* Main.storyboard in Resources */ = {isa = PBXBuildFile; fileRef = 83C446571BF9FAE200065AAC /* Main.storyboard */; };
		83C4465B1BF9FAE200065AAC /* Assets.xcassets in Resources */ = {isa = PBXBuildFile; fileRef = 83C4465A1BF9FAE200065AAC /* Assets.xcassets */; };
		83C4465E1BF9FAE200065AAC /* LaunchScreen.storyboard in Resources */ = {isa = PBXBuildFile; fileRef = 83C4465C1BF9FAE200065AAC /* LaunchScreen.storyboard */; };
		83C4466C1BF9FBF600065AAC /* RHMQTT.m in Sources */ = {isa = PBXBuildFile; fileRef = 83C446671BF9FBF600065AAC /* RHMQTT.m */; };
		83F2FA4A1C7CA1D300758475 /* RHMQTTEncoder.m in Sources */ = {isa = PBXBuildFile; fileRef = 83F2FA491C7CA1D300758475 /* RHMQTTEncoder.m */; };
		83F2FA4D1C7CA1E200758475 /* RHMQTTDecoder.m in Sources */ = {isa = PBXBuildFile; fileRef = 83F2FA4C1C7CA1E200758475 /* RHMQTTDecoder.m */; };
/* End PBXBuildFile section */

/* Begin PBXFileReference section */
		42EA541C4FD571A317E957D3 /* Pods-RHMQTTKitDemo.debug.xcconfig */ = {isa = PBXFileReference; includeInIndex = 1; lastKnownFileType = text.xcconfig; name = "Pods-RHMQTTKitDemo.debug.xcconfig"; path = "Pods/Target Support Files/Pods-RHMQTTKitDemo/Pods-RHMQTTKitDemo.debug.xcconfig"; sourceTree = "<group>"; };
		69311776CAE2A73C96A62450 /* Pods-RHMQTTKitDemo.release.xcconfig */ = {isa = PBXFileReference; includeInIndex = 1; lastKnownFileType = text.xcconfig; name = "Pods-RHMQTTKitDemo.release.xcconfig"; path = "Pods/Target Support Files/Pods-RHMQTTKitDemo/Pods-RHMQTTKitDemo.release.xcconfig"; sourceTree = "<group>"; };
		83C4464B1BF9FAE200065AAC /* RHMQTTKitDemo.app */ = {isa = PBXFileReference; explicitFileType = wrapper.application; includeInIndex = 0; path = RHMQTTKitDemo.app; sourceTree = BUILT_PRODUCTS_DIR; };
		83C4464F1BF9FAE200065AAC /* main.m */ = {isa = PBXFileReference; lastKnownFileType = sourcecode.c.objc; path = main.m; sourceTree = "<group>"; };
		83C446511BF9FAE200065AAC /* AppDelegate.h */ = {isa = PBXFileReference; lastKnownFileType = sourcecode.c.h; path = AppDelegate.h; sourceTree = "<group>"; };
		83C446521BF9FAE200065AAC /* AppDelegate.m */ = {isa = PBXFileReference; lastKnownFileType = sourcecode.c.objc; path = AppDelegate.m; sourceTree = "<group>"; };
		83C446541BF9FAE200065AAC /* ViewController.h */ = {isa = PBXFileReference; lastKnownFileType = sourcecode.c.h; path = ViewController.h; sourceTree = "<group>"; };
		83C446551BF9FAE200065AAC /* ViewController.m */ = {isa = PBXFileReference; lastKnownFileType = sourcecode.c.objc; path = ViewController.m; sourceTree = "<group>"; };
		83C446581BF9FAE200065AAC /* Base */ = {isa = PBXFileReference; lastKnownFileType = file.storyboard; name = Base; path = Base.lproj/Main.storyboard; sourceTree = "<group>"; };
		83C4465A1BF9FAE200065AAC /* Assets.xcassets */ = {isa = PBXFileReference; lastKnownFileType = folder.assetcatalog; path = Assets.xcassets; sourceTree = "<group>"; };
		83C4465D1BF9FAE200065AAC /* Base */ = {isa = PBXFileReference; lastKnownFileType = file.storyboard; name = Base; path = Base.lproj/LaunchScreen.storyboard; sourceTree = "<group>"; };
		83C4465F1BF9FAE200065AAC /* Info.plist */ = {isa = PBXFileReference; lastKnownFileType = text.plist.xml; path = Info.plist; sourceTree = "<group>"; };
		83C446661BF9FBF600065AAC /* RHMQTT.h */ = {isa = PBXFileReference; fileEncoding = 4; lastKnownFileType = sourcecode.c.h; path = RHMQTT.h; sourceTree = "<group>"; };
		83C446671BF9FBF600065AAC /* RHMQTT.m */ = {isa = PBXFileReference; fileEncoding = 4; lastKnownFileType = sourcecode.c.objc; path = RHMQTT.m; sourceTree = "<group>"; };
		83F2FA481C7CA1D300758475 /* RHMQTTEncoder.h */ = {isa = PBXFileReference; fileEncoding = 4; lastKnownFileType = sourcecode.c.h; path = RHMQTTEncoder.h; sourceTree = "<group>"; };
		83F2FA491C7CA1D300758475 /* RHMQTTEncoder.m */ = {isa = PBXFileReference; fileEncoding = 4; lastKnownFileType = sourcecode.c.objc; path = RHMQTTEncoder.m; sourceTree = "<group>"; };
		83F2FA4B1C7CA1E200758475 /* RHMQTTDecoder.h */ = {isa = PBXFileReference; fileEncoding = 4; lastKnownFileType = sourcecode.c.h; path = RHMQTTDecoder.h; sourceTree = "<group>"; };
		83F2FA4C1C7CA1E200758475 /* RHMQTTDecoder.m */ = {isa = PBXFileReference; fileEncoding = 4; lastKnownFileType = sourcecode.c.objc; path = RHMQTTDecoder.m; sourceTree = "<group>"; };
		FE9A318ED4E03C7D18029D82 /* libPods-RHMQTTKitDemo.a */ = {isa = PBXFileReference; explicitFileType = archive.ar; includeInIndex = 0; path = "libPods-RHMQTTKitDemo.a"; sourceTree = BUILT_PRODUCTS_DIR; };
/* End PBXFileReference section */

/* Begin PBXFrameworksBuildPhase section */
		83C446481BF9FAE200065AAC /* Frameworks */ = {
			isa = PBXFrameworksBuildPhase;
			buildActionMask = 2147483647;
			files = (
				32EA50CFF73D221668F11622 /* libPods-RHMQTTKitDemo.a in Frameworks */,
			);
			runOnlyForDeploymentPostprocessing = 0;
		};
/* End PBXFrameworksBuildPhase section */

/* Begin PBXGroup section */
		3D1D7B80482838CD42724940 /* Frameworks */ = {
			isa = PBXGroup;
			children = (
				FE9A318ED4E03C7D18029D82 /* libPods-RHMQTTKitDemo.a */,
			);
			name = Frameworks;
			sourceTree = "<group>";
		};
		83C446421BF9FAE200065AAC = {
			isa = PBXGroup;
			children = (
				83C4464D1BF9FAE200065AAC /* RHMQTTKitDemo */,
				83C4464C1BF9FAE200065AAC /* Products */,
				B942A8773E406570646AF5C7 /* Pods */,
				3D1D7B80482838CD42724940 /* Frameworks */,
			);
			sourceTree = "<group>";
		};
		83C4464C1BF9FAE200065AAC /* Products */ = {
			isa = PBXGroup;
			children = (
				83C4464B1BF9FAE200065AAC /* RHMQTTKitDemo.app */,
			);
			name = Products;
			sourceTree = "<group>";
		};
		83C4464D1BF9FAE200065AAC /* RHMQTTKitDemo */ = {
			isa = PBXGroup;
			children = (
				83C446651BF9FBF600065AAC /* RHMQTTKit */,
				83C446511BF9FAE200065AAC /* AppDelegate.h */,
				83C446521BF9FAE200065AAC /* AppDelegate.m */,
				83C446541BF9FAE200065AAC /* ViewController.h */,
				83C446551BF9FAE200065AAC /* ViewController.m */,
				83C446571BF9FAE200065AAC /* Main.storyboard */,
				83C4465A1BF9FAE200065AAC /* Assets.xcassets */,
				83C4465C1BF9FAE200065AAC /* LaunchScreen.storyboard */,
				83C4465F1BF9FAE200065AAC /* Info.plist */,
				83C4464E1BF9FAE200065AAC /* Supporting Files */,
			);
			path = RHMQTTKitDemo;
			sourceTree = "<group>";
		};
		83C4464E1BF9FAE200065AAC /* Supporting Files */ = {
			isa = PBXGroup;
			children = (
				83C4464F1BF9FAE200065AAC /* main.m */,
			);
			name = "Supporting Files";
			sourceTree = "<group>";
		};
		83C446651BF9FBF600065AAC /* RHMQTTKit */ = {
			isa = PBXGroup;
			children = (
				83C446661BF9FBF600065AAC /* RHMQTT.h */,
				83C446671BF9FBF600065AAC /* RHMQTT.m */,
				83F2FA481C7CA1D300758475 /* RHMQTTEncoder.h */,
				83F2FA491C7CA1D300758475 /* RHMQTTEncoder.m */,
				83F2FA4B1C7CA1E200758475 /* RHMQTTDecoder.h */,
				83F2FA4C1C7CA1E200758475 /* RHMQTTDecoder.m */,
			);
			name = RHMQTTKit;
			path = ../../RHMQTTKit;
			sourceTree = "<group>";
		};
		B942A8773E406570646AF5C7 /* Pods */ = {
			isa = PBXGroup;
			children = (
				42EA541C4FD571A317E957D3 /* Pods-RHMQTTKitDemo.debug.xcconfig */,
				69311776CAE2A73C96A62450 /* Pods-RHMQTTKitDemo.release.xcconfig */,
			);
			name = Pods;
			sourceTree = "<group>";
		};
/* End PBXGroup section */

/* Begin PBXNativeTarget section */
		83C4464A1BF9FAE200065AAC /* RHMQTTKitDemo */ = {
			isa = PBXNativeTarget;
			buildConfigurationList = 83C446621BF9FAE200065AAC /* Build configuration list for PBXNativeTarget "RHMQTTKitDemo" */;
			buildPhases = (
				54DA4D34A04F5F00C988D100 /* [CP] Check Pods Manifest.lock */,
				83C446471BF9FAE200065AAC /* Sources */,
				83C446481BF9FAE200065AAC /* Frameworks */,
				83C446491BF9FAE200065AAC /* Resources */,
				97C3F855125F52164E088EFC /* [CP] Embed Pods Frameworks */,
				8DA20444458AD5D161C979DA /* [CP] Copy Pods Resources */,
			);
			buildRules = (
			);
			dependencies = (
			);
			name = RHMQTTKitDemo;
			productName = RHMQTTKitDemo;
			productReference = 83C4464B1BF9FAE200065AAC /* RHMQTTKitDemo.app */;
			productType = "com.apple.product-type.application";
		};
/* End PBXNativeTarget section */

/* Begin PBXProject section */
		83C446431BF9FAE200065AAC /* Project object */ = {
			isa = PBXProject;
			attributes = {
				LastUpgradeCheck = 0720;
				ORGANIZATIONNAME = zhuruhong;
				TargetAttributes = {
					83C4464A1BF9FAE200065AAC = {
						CreatedOnToolsVersion = 7.2;
						DevelopmentTeam = 764XM498XX;
					};
				};
			};
			buildConfigurationList = 83C446461BF9FAE200065AAC /* Build configuration list for PBXProject "RHMQTTKitDemo" */;
			compatibilityVersion = "Xcode 3.2";
			developmentRegion = English;
			hasScannedForEncodings = 0;
			knownRegions = (
				en,
				Base,
			);
			mainGroup = 83C446421BF9FAE200065AAC;
			productRefGroup = 83C4464C1BF9FAE200065AAC /* Products */;
			projectDirPath = "";
			projectRoot = "";
			targets = (
				83C4464A1BF9FAE200065AAC /* RHMQTTKitDemo */,
			);
		};
/* End PBXProject section */

/* Begin PBXResourcesBuildPhase section */
		83C446491BF9FAE200065AAC /* Resources */ = {
			isa = PBXResourcesBuildPhase;
			buildActionMask = 2147483647;
			files = (
				83C4465E1BF9FAE200065AAC /* LaunchScreen.storyboard in Resources */,
				83C4465B1BF9FAE200065AAC /* Assets.xcassets in Resources */,
				83C446591BF9FAE200065AAC /* Main.storyboard in Resources */,
			);
			runOnlyForDeploymentPostprocessing = 0;
		};
/* End PBXResourcesBuildPhase section */

/* Begin PBXShellScriptBuildPhase section */
		54DA4D34A04F5F00C988D100 /* [CP] Check Pods Manifest.lock */ = {
			isa = PBXShellScriptBuildPhase;
			buildActionMask = 2147483647;
			files = (
			);
			inputPaths = (
			);
			name = "[CP] Check Pods Manifest.lock";
			outputPaths = (
			);
			runOnlyForDeploymentPostprocessing = 0;
			shellPath = /bin/sh;
			shellScript = "diff \"${PODS_PODFILE_DIR_PATH}/Podfile.lock\" \"${PODS_ROOT}/Manifest.lock\" > /dev/null\nif [ $? != 0 ] ; then\n    # print error to STDERR\n    echo \"error: The sandbox is not in sync with the Podfile.lock. Run 'pod install' or update your CocoaPods installation.\" >&2\n    exit 1\nfi\n";
			showEnvVarsInLog = 0;
		};
		8DA20444458AD5D161C979DA /* [CP] Copy Pods Resources */ = {
			isa = PBXShellScriptBuildPhase;
			buildActionMask = 2147483647;
			files = (
			);
			inputPaths = (
			);
			name = "[CP] Copy Pods Resources";
			outputPaths = (
			);
			runOnlyForDeploymentPostprocessing = 0;
			shellPath = /bin/sh;
			shellScript = "\"${SRCROOT}/Pods/Target Support Files/Pods-RHMQTTKitDemo/Pods-RHMQTTKitDemo-resources.sh\"\n";
			showEnvVarsInLog = 0;
		};
		97C3F855125F52164E088EFC /* [CP] Embed Pods Frameworks */ = {
			isa = PBXShellScriptBuildPhase;
			buildActionMask = 2147483647;
			files = (
			);
			inputPaths = (
			);
			name = "[CP] Embed Pods Frameworks";
			outputPaths = (
			);
			runOnlyForDeploymentPostprocessing = 0;
			shellPath = /bin/sh;
			shellScript = "\"${SRCROOT}/Pods/Target Support Files/Pods-RHMQTTKitDemo/Pods-RHMQTTKitDemo-frameworks.sh\"\n";
			showEnvVarsInLog = 0;
		};
/* End PBXShellScriptBuildPhase section */

/* Begin PBXSourcesBuildPhase section */
		83C446471BF9FAE200065AAC /* Sources */ = {
			isa = PBXSourcesBuildPhase;
			buildActionMask = 2147483647;
			files = (
				83C446561BF9FAE200065AAC /* ViewController.m in Sources */,
				83C446531BF9FAE200065AAC /* AppDelegate.m in Sources */,
				83C446501BF9FAE200065AAC /* main.m in Sources */,
				83F2FA4A1C7CA1D300758475 /* RHMQTTEncoder.m in Sources */,
				83C4466C1BF9FBF600065AAC /* RHMQTT.m in Sources */,
				83F2FA4D1C7CA1E200758475 /* RHMQTTDecoder.m in Sources */,
			);
			runOnlyForDeploymentPostprocessing = 0;
		};
/* End PBXSourcesBuildPhase section */

/* Begin PBXVariantGroup section */
		83C446571BF9FAE200065AAC /* Main.storyboard */ = {
			isa = PBXVariantGroup;
			children = (
				83C446581BF9FAE200065AAC /* Base */,
			);
			name = Main.storyboard;
			sourceTree = "<group>";
		};
		83C4465C1BF9FAE200065AAC /* LaunchScreen.storyboard */ = {
			isa = PBXVariantGroup;
			children = (
				83C4465D1BF9FAE200065AAC /* Base */,
			);
			name = LaunchScreen.storyboard;
			sourceTree = "<group>";
		};
/* End PBXVariantGroup section */

/* Begin XCBuildConfiguration section */
		83C446601BF9FAE200065AAC /* Debug */ = {
			isa = XCBuildConfiguration;
			buildSettings = {
				ALWAYS_SEARCH_USER_PATHS = NO;
				CLANG_CXX_LANGUAGE_STANDARD = "gnu++0x";
				CLANG_CXX_LIBRARY = "libc++";
				CLANG_ENABLE_MODULES = YES;
				CLANG_ENABLE_OBJC_ARC = YES;
				CLANG_WARN_BOOL_CONVERSION = YES;
				CLANG_WARN_CONSTANT_CONVERSION = YES;
				CLANG_WARN_DIRECT_OBJC_ISA_USAGE = YES_ERROR;
				CLANG_WARN_EMPTY_BODY = YES;
				CLANG_WARN_ENUM_CONVERSION = YES;
				CLANG_WARN_INT_CONVERSION = YES;
				CLANG_WARN_OBJC_ROOT_CLASS = YES_ERROR;
				CLANG_WARN_UNREACHABLE_CODE = YES;
				CLANG_WARN__DUPLICATE_METHOD_MATCH = YES;
				"CODE_SIGN_IDENTITY[sdk=iphoneos*]" = "iPhone Developer";
				COPY_PHASE_STRIP = NO;
				DEBUG_INFORMATION_FORMAT = dwarf;
				ENABLE_STRICT_OBJC_MSGSEND = YES;
				ENABLE_TESTABILITY = YES;
				GCC_C_LANGUAGE_STANDARD = gnu99;
				GCC_DYNAMIC_NO_PIC = NO;
				GCC_NO_COMMON_BLOCKS = YES;
				GCC_OPTIMIZATION_LEVEL = 0;
				GCC_PREPROCESSOR_DEFINITIONS = (
					"DEBUG=1",
					"$(inherited)",
				);
				GCC_WARN_64_TO_32_BIT_CONVERSION = YES;
				GCC_WARN_ABOUT_RETURN_TYPE = YES_ERROR;
				GCC_WARN_UNDECLARED_SELECTOR = YES;
				GCC_WARN_UNINITIALIZED_AUTOS = YES_AGGRESSIVE;
				GCC_WARN_UNUSED_FUNCTION = YES;
				GCC_WARN_UNUSED_VARIABLE = YES;
				IPHONEOS_DEPLOYMENT_TARGET = 9.2;
				MTL_ENABLE_DEBUG_INFO = YES;
				ONLY_ACTIVE_ARCH = YES;
				SDKROOT = iphoneos;
				TARGETED_DEVICE_FAMILY = "1,2";
			};
			name = Debug;
		};
		83C446611BF9FAE200065AAC /* Release */ = {
			isa = XCBuildConfiguration;
			buildSettings = {
				ALWAYS_SEARCH_USER_PATHS = NO;
				CLANG_CXX_LANGUAGE_STANDARD = "gnu++0x";
				CLANG_CXX_LIBRARY = "libc++";
				CLANG_ENABLE_MODULES = YES;
				CLANG_ENABLE_OBJC_ARC = YES;
				CLANG_WARN_BOOL_CONVERSION = YES;
				CLANG_WARN_CONSTANT_CONVERSION = YES;
				CLANG_WARN_DIRECT_OBJC_ISA_USAGE = YES_ERROR;
				CLANG_WARN_EMPTY_BODY = YES;
				CLANG_WARN_ENUM_CONVERSION = YES;
				CLANG_WARN_INT_CONVERSION = YES;
				CLANG_WARN_OBJC_ROOT_CLASS = YES_ERROR;
				CLANG_WARN_UNREACHABLE_CODE = YES;
				CLANG_WARN__DUPLICATE_METHOD_MATCH = YES;
				"CODE_SIGN_IDENTITY[sdk=iphoneos*]" = "iPhone Developer";
				COPY_PHASE_STRIP = NO;
				DEBUG_INFORMATION_FORMAT = "dwarf-with-dsym";
				ENABLE_NS_ASSERTIONS = NO;
				ENABLE_STRICT_OBJC_MSGSEND = YES;
				GCC_C_LANGUAGE_STANDARD = gnu99;
				GCC_NO_COMMON_BLOCKS = YES;
				GCC_WARN_64_TO_32_BIT_CONVERSION = YES;
				GCC_WARN_ABOUT_RETURN_TYPE = YES_ERROR;
				GCC_WARN_UNDECLARED_SELECTOR = YES;
				GCC_WARN_UNINITIALIZED_AUTOS = YES_AGGRESSIVE;
				GCC_WARN_UNUSED_FUNCTION = YES;
				GCC_WARN_UNUSED_VARIABLE = YES;
				IPHONEOS_DEPLOYMENT_TARGET = 9.2;
				MTL_ENABLE_DEBUG_INFO = NO;
				SDKROOT = iphoneos;
				TARGETED_DEVICE_FAMILY = "1,2";
				VALIDATE_PRODUCT = YES;
			};
			name = Release;
		};
		83C446631BF9FAE200065AAC /* Debug */ = {
			isa = XCBuildConfiguration;
			baseConfigurationReference = 42EA541C4FD571A317E957D3 /* Pods-RHMQTTKitDemo.debug.xcconfig */;
			buildSettings = {
				ASSETCATALOG_COMPILER_APPICON_NAME = AppIcon;
				INFOPLIST_FILE = RHMQTTKitDemo/Info.plist;
				LD_RUNPATH_SEARCH_PATHS = "$(inherited) @executable_path/Frameworks";
				PRODUCT_BUNDLE_IDENTIFIER = com.RHMQTTKitDemo;
				PRODUCT_NAME = "$(TARGET_NAME)";
			};
			name = Debug;
		};
		83C446641BF9FAE200065AAC /* Release */ = {
			isa = XCBuildConfiguration;
			baseConfigurationReference = 69311776CAE2A73C96A62450 /* Pods-RHMQTTKitDemo.release.xcconfig */;
			buildSettings = {
				ASSETCATALOG_COMPILER_APPICON_NAME = AppIcon;
				INFOPLIST_FILE = RHMQTTKitDemo/Info.plist;
				LD_RUNPATH_SEARCH_PATHS = "$(inherited) @executable_path/Frameworks";
				PRODUCT_BUNDLE_IDENTIFIER = com.RHMQTTKitDemo;
				PRODUCT_NAME = "$(TARGET_NAME)";
			};
			name = Release;
		};
/* End XCBuildConfiguration section */

/* Begin XCConfigurationList section */
		83C446461BF9FAE200065AAC /* Build configuration list for PBXProject "RHMQTTKitDemo" */ = {
			isa = XCConfigurationList;
			buildConfigurations = (
				83C446601BF9FAE200065AAC /* Debug */,
				83C446611BF9FAE200065AAC /* Release */,
			);
			defaultConfigurationIsVisible = 0;
			defaultConfigurationName = Release;
		};
		83C446621BF9FAE200065AAC /* Build configuration list for PBXNativeTarget "RHMQTTKitDemo" */ = {
			isa = XCConfigurationList;
			buildConfigurations = (
				83C446631BF9FAE200065AAC /* Debug */,
				83C446641BF9FAE200065AAC /* Release */,
			);
			defaultConfigurationIsVisible = 0;
			defaultConfigurationName = Release;
		};
/* End XCConfigurationList section */
	};
	rootObject = 83C446431BF9FAE200065AAC /* Project object */;
}
