PODS:
  - CocoaAsyncSocket (7.6.5)
  - RHMQTTKit (0.0.1):
    - RHMQTTKit/RHMQTTKit (= 0.0.1)
  - RHMQTTKit/RHMQTTKit (0.0.1):
    - CocoaAsyncSocket
    - RHSocketKit
  - RHSocketKit (2.3.0):
    - RHSocketKit/Core (= 2.3.0)
  - RHSocketKit/Core (2.3.0):
    - CocoaAsyncSocket
  - RHSocketKit/Extend (2.3.0):
    - RHSocketKit/Core

DEPENDENCIES:
  - RHMQTTKit (from `../RHMQTTKit.podspec`)
  - RHSocketKit/Extend (from `https://github.com/zhu410289616/RHSocketKit.git`, tag `2.3.6`)

SPEC REPOS:
  trunk:
    - CocoaAsyncSocket

EXTERNAL SOURCES:
  RHMQTTKit:
    :path: "../RHMQTTKit.podspec"
  RHSocketKit:
    :git: https://github.com/zhu410289616/RHSocketKit.git
    :tag: 2.3.6

CHECKOUT OPTIONS:
  RHSocketKit:
    :git: https://github.com/zhu410289616/RHSocketKit.git
    :tag: 2.3.6

SPEC CHECKSUMS:
  CocoaAsyncSocket: 065fd1e645c7abab64f7a6a2007a48038fdc6a99
  RHMQTTKit: c563288b92a4dbeade92781987b1bcf5a33c0a6b
  RHSocketKit: f25606cece9e695cd3fc22a04d8308b1e2f9e572

PODFILE CHECKSUM: 22677b35fcdf45f7e992999eb1eae61595c0a176

COCOAPODS: 1.9.1
